{
    "version": 3,
    "terraform_version": "0.11.14",
    "serial": 12,
    "lineage": "223b4756-505d-4e22-e27e-bd911def0808",
    "modules": [
        {
            "path": [
                "root"
            ],
            "outputs": {
                "depends_on_concated": {
                    "sensitive": false,
                    "type": "list",
                    "value": [
                        "default value on abstract dns",
                        "ibjected value 1",
                        "injected value 2"
                    ]
                },
                "secrets": {
                    "sensitive": false,
                    "type": "list",
                    "value": [
                        "content1",
                        "content2"
                    ]
                }
            },
            "resources": {
                "null_resource.test": {
                    "type": "null_resource",
                    "depends_on": [],
                    "primary": {
                        "id": "2416252933218888868",
                        "attributes": {
                            "id": "2416252933218888868"
                        },
                        "meta": {},
                        "tainted": false
                    },
                    "deposed": [],
                    "provider": "provider.null"
                }
            },
            "depends_on": []
        },
        {
            "path": [
                "root",
                "test-dns"
            ],
            "outputs": {
                "depends_on_concated": {
                    "sensitive": false,
                    "type": "list",
                    "value": [
                        "default value on abstract dns",
                        "ibjected value 1",
                        "injected value 2"
                    ]
                }
            },
            "resources": {},
            "depends_on": []
        },
        {
            "path": [
                "root",
                "test-secrets"
            ],
            "outputs": {
                "secrets": {
                    "sensitive": false,
                    "type": "list",
                    "value": [
                        "content1",
                        "content2"
                    ]
                }
            },
            "resources": {
                "local_file.secrets.0": {
                    "type": "local_file",
                    "depends_on": [],
                    "primary": {
                        "id": "d31ba6be8546ff3974b60716620d1554e6b6be07",
                        "attributes": {
                            "content": "this is example content 1",
                            "directory_permission": "0777",
                            "file_permission": "0777",
                            "filename": "content1",
                            "id": "d31ba6be8546ff3974b60716620d1554e6b6be07"
                        },
                        "meta": {},
                        "tainted": false
                    },
                    "deposed": [],
                    "provider": "provider.local"
                },
                "local_file.secrets.1": {
                    "type": "local_file",
                    "depends_on": [],
                    "primary": {
                        "id": "044a53b27c44f8b327f70723a2e7e189e8d253f9",
                        "attributes": {
                            "content": "this is example content 2",
                            "directory_permission": "0777",
                            "file_permission": "0777",
                            "filename": "content2",
                            "id": "044a53b27c44f8b327f70723a2e7e189e8d253f9"
                        },
                        "meta": {},
                        "tainted": false
                    },
                    "deposed": [],
                    "provider": "provider.local"
                }
            },
            "depends_on": []
        },
        {
            "path": [
                "root",
                "test-dns",
                "dns"
            ],
            "outputs": {
                "depends_on_concated": {
                    "sensitive": false,
                    "type": "list",
                    "value": [
                        "default value on abstract dns",
                        "ibjected value 1",
                        "injected value 2"
                    ]
                }
            },
            "resources": {},
            "depends_on": []
        }
    ]
}
